{
  "lockFileVersion": 11,
  "registryFileHashes": {
    "https://raw.githubusercontent.com/pjreiniger/bazel-central-registry/bzlmodrio/bazel_registry.json": "8a28e4aff06ee60aed2a8c281907fb8bcbf3b753c91fb5a5c57da3215d5b3497",
    "https://raw.githubusercontent.com/pjreiniger/bazel-central-registry/bzlmodrio/modules/abseil-cpp/20210324.2/MODULE.bazel": "7cd0312e064fde87c8d1cd79ba06c876bd23630c83466e9500321be55c96ace2",
    "https://raw.githubusercontent.com/pjreiniger/bazel-central-registry/bzlmodrio/modules/abseil-cpp/20211102.0/MODULE.bazel": "70390338f7a5106231d20620712f7cccb659cd0e9d073d1991c038eb9fc57589",
    "https://raw.githubusercontent.com/pjreiniger/bazel-central-registry/bzlmodrio/modules/abseil-cpp/20230125.1/MODULE.bazel": "89047429cb0207707b2dface14ba7f8df85273d484c2572755be4bab7ce9c3a0",
    "https://raw.githubusercontent.com/pjreiniger/bazel-central-registry/bzlmodrio/modules/abseil-cpp/20230125.1/source.json": "06cc0842d241da0c5edc755edb3c7d0d008d304330e57ecf2d6449fb0b633a82",
    "https://raw.githubusercontent.com/pjreiniger/bazel-central-registry/bzlmodrio/modules/apple_support/1.5.0/MODULE.bazel": "50341a62efbc483e8a2a6aec30994a58749bd7b885e18dd96aa8c33031e558ef",
    "https://raw.githubusercontent.com/pjreiniger/bazel-central-registry/bzlmodrio/modules/apple_support/1.5.0/source.json": "eb98a7627c0bc486b57f598ad8da50f6625d974c8f723e9ea71bd39f709c9862",
    "https://raw.githubusercontent.com/pjreiniger/bazel-central-registry/bzlmodrio/modules/bazel_features/1.11.0/MODULE.bazel": "f9382337dd5a474c3b7d334c2f83e50b6eaedc284253334cf823044a26de03e8",
    "https://raw.githubusercontent.com/pjreiniger/bazel-central-registry/bzlmodrio/modules/bazel_features/1.11.0/source.json": "c9320aa53cd1c441d24bd6b716da087ad7e4ff0d9742a9884587596edfe53015",
    "https://raw.githubusercontent.com/pjreiniger/bazel-central-registry/bzlmodrio/modules/bazel_skylib/1.0.3/MODULE.bazel": "bcb0fd896384802d1ad283b4e4eb4d718eebd8cb820b0a2c3a347fb971afd9d8",
    "https://raw.githubusercontent.com/pjreiniger/bazel-central-registry/bzlmodrio/modules/bazel_skylib/1.2.1/MODULE.bazel": "f35baf9da0efe45fa3da1696ae906eea3d615ad41e2e3def4aeb4e8bc0ef9a7a",
    "https://raw.githubusercontent.com/pjreiniger/bazel-central-registry/bzlmodrio/modules/bazel_skylib/1.3.0/MODULE.bazel": "20228b92868bf5cfc41bda7afc8a8ba2a543201851de39d990ec957b513579c5",
    "https://raw.githubusercontent.com/pjreiniger/bazel-central-registry/bzlmodrio/modules/bazel_skylib/1.4.1/MODULE.bazel": "a0dcb779424be33100dcae821e9e27e4f2901d9dfd5333efe5ac6a8d7ab75e1d",
    "https://raw.githubusercontent.com/pjreiniger/bazel-central-registry/bzlmodrio/modules/bazel_skylib/1.6.1/MODULE.bazel": "8fdee2dbaace6c252131c00e1de4b165dc65af02ea278476187765e1a617b917",
    "https://raw.githubusercontent.com/pjreiniger/bazel-central-registry/bzlmodrio/modules/bazel_skylib/1.6.1/source.json": "082ed5f9837901fada8c68c2f3ddc958bb22b6d654f71dd73f3df30d45d4b749",
    "https://raw.githubusercontent.com/pjreiniger/bazel-central-registry/bzlmodrio/modules/buildozer/7.1.2/MODULE.bazel": "2e8dd40ede9c454042645fd8d8d0cd1527966aa5c919de86661e62953cd73d84",
    "https://raw.githubusercontent.com/pjreiniger/bazel-central-registry/bzlmodrio/modules/buildozer/7.1.2/source.json": "c9028a501d2db85793a6996205c8de120944f50a0d570438fcae0457a5f9d1f8",
    "https://raw.githubusercontent.com/pjreiniger/bazel-central-registry/bzlmodrio/modules/googletest/1.11.0/MODULE.bazel": "3a83f095183f66345ca86aa13c58b59f9f94a2f81999c093d4eeaa2d262d12f4",
    "https://raw.githubusercontent.com/pjreiniger/bazel-central-registry/bzlmodrio/modules/googletest/1.14.0/MODULE.bazel": "cfbcbf3e6eac06ef9d85900f64424708cc08687d1b527f0ef65aa7517af8118f",
    "https://raw.githubusercontent.com/pjreiniger/bazel-central-registry/bzlmodrio/modules/googletest/1.14.0/source.json": "2478949479000fdd7de9a3d0107ba2c85bb5f961c3ecb1aa448f52549ce310b5",
    "https://raw.githubusercontent.com/pjreiniger/bazel-central-registry/bzlmodrio/modules/platforms/0.0.4/MODULE.bazel": "9b328e31ee156f53f3c416a64f8491f7eb731742655a47c9eec4703a71644aee",
    "https://raw.githubusercontent.com/pjreiniger/bazel-central-registry/bzlmodrio/modules/platforms/0.0.5/MODULE.bazel": "5733b54ea419d5eaf7997054bb55f6a1d0b5ff8aedf0176fef9eea44f3acda37",
    "https://raw.githubusercontent.com/pjreiniger/bazel-central-registry/bzlmodrio/modules/platforms/0.0.6/MODULE.bazel": "ad6eeef431dc52aefd2d77ed20a4b353f8ebf0f4ecdd26a807d2da5aa8cd0615",
    "https://raw.githubusercontent.com/pjreiniger/bazel-central-registry/bzlmodrio/modules/platforms/0.0.7/MODULE.bazel": "72fd4a0ede9ee5c021f6a8dd92b503e089f46c227ba2813ff183b71616034814",
    "https://raw.githubusercontent.com/pjreiniger/bazel-central-registry/bzlmodrio/modules/platforms/0.0.9/MODULE.bazel": "4a87a60c927b56ddd67db50c89acaa62f4ce2a1d2149ccb63ffd871d5ce29ebc",
    "https://raw.githubusercontent.com/pjreiniger/bazel-central-registry/bzlmodrio/modules/platforms/0.0.9/source.json": "cd74d854bf16a9e002fb2ca7b1a421f4403cda29f824a765acd3a8c56f8d43e6",
    "https://raw.githubusercontent.com/pjreiniger/bazel-central-registry/bzlmodrio/modules/protobuf/21.7/MODULE.bazel": "a5a29bb89544f9b97edce05642fac225a808b5b7be74038ea3640fae2f8e66a7",
    "https://raw.githubusercontent.com/pjreiniger/bazel-central-registry/bzlmodrio/modules/protobuf/21.7/source.json": "bbe500720421e582ff2d18b0802464205138c06056f443184de39fbb8187b09b",
    "https://raw.githubusercontent.com/pjreiniger/bazel-central-registry/bzlmodrio/modules/protobuf/3.19.0/MODULE.bazel": "6b5fbb433f760a99a22b18b6850ed5784ef0e9928a72668b66e4d7ccd47db9b0",
    "https://raw.githubusercontent.com/pjreiniger/bazel-central-registry/bzlmodrio/modules/protobuf/3.19.6/MODULE.bazel": "9233edc5e1f2ee276a60de3eaa47ac4132302ef9643238f23128fea53ea12858",
    "https://raw.githubusercontent.com/pjreiniger/bazel-central-registry/bzlmodrio/modules/rules_cc/0.0.1/MODULE.bazel": "cb2aa0747f84c6c3a78dad4e2049c154f08ab9d166b1273835a8174940365647",
    "https://raw.githubusercontent.com/pjreiniger/bazel-central-registry/bzlmodrio/modules/rules_cc/0.0.2/MODULE.bazel": "6915987c90970493ab97393024c156ea8fb9f3bea953b2f3ec05c34f19b5695c",
    "https://raw.githubusercontent.com/pjreiniger/bazel-central-registry/bzlmodrio/modules/rules_cc/0.0.6/MODULE.bazel": "abf360251023dfe3efcef65ab9d56beefa8394d4176dd29529750e1c57eaa33f",
    "https://raw.githubusercontent.com/pjreiniger/bazel-central-registry/bzlmodrio/modules/rules_cc/0.0.8/MODULE.bazel": "964c85c82cfeb6f3855e6a07054fdb159aced38e99a5eecf7bce9d53990afa3e",
    "https://raw.githubusercontent.com/pjreiniger/bazel-central-registry/bzlmodrio/modules/rules_cc/0.0.9/MODULE.bazel": "836e76439f354b89afe6a911a7adf59a6b2518fafb174483ad78a2a2fde7b1c5",
    "https://raw.githubusercontent.com/pjreiniger/bazel-central-registry/bzlmodrio/modules/rules_cc/0.0.9/source.json": "1f1ba6fea244b616de4a554a0f4983c91a9301640c8fe0dd1d410254115c8430",
    "https://raw.githubusercontent.com/pjreiniger/bazel-central-registry/bzlmodrio/modules/rules_java/4.0.0/MODULE.bazel": "5a78a7ae82cd1a33cef56dc578c7d2a46ed0dca12643ee45edbb8417899e6f74",
    "https://raw.githubusercontent.com/pjreiniger/bazel-central-registry/bzlmodrio/modules/rules_java/7.6.5/MODULE.bazel": "481164be5e02e4cab6e77a36927683263be56b7e36fef918b458d7a8a1ebadb1",
    "https://raw.githubusercontent.com/pjreiniger/bazel-central-registry/bzlmodrio/modules/rules_java/7.6.5/source.json": "a805b889531d1690e3c72a7a7e47a870d00323186a9904b36af83aa3d053ee8d",
    "https://raw.githubusercontent.com/pjreiniger/bazel-central-registry/bzlmodrio/modules/rules_jvm_external/4.4.2/MODULE.bazel": "a56b85e418c83eb1839819f0b515c431010160383306d13ec21959ac412d2fe7",
    "https://raw.githubusercontent.com/pjreiniger/bazel-central-registry/bzlmodrio/modules/rules_jvm_external/4.4.2/source.json": "a075731e1b46bc8425098512d038d416e966ab19684a10a34f4741295642fc35",
    "https://raw.githubusercontent.com/pjreiniger/bazel-central-registry/bzlmodrio/modules/rules_license/0.0.3/MODULE.bazel": "627e9ab0247f7d1e05736b59dbb1b6871373de5ad31c3011880b4133cafd4bd0",
    "https://raw.githubusercontent.com/pjreiniger/bazel-central-registry/bzlmodrio/modules/rules_license/0.0.7/MODULE.bazel": "088fbeb0b6a419005b89cf93fe62d9517c0a2b8bb56af3244af65ecfe37e7d5d",
    "https://raw.githubusercontent.com/pjreiniger/bazel-central-registry/bzlmodrio/modules/rules_license/0.0.7/source.json": "355cc5737a0f294e560d52b1b7a6492d4fff2caf0bef1a315df5a298fca2d34a",
    "https://raw.githubusercontent.com/pjreiniger/bazel-central-registry/bzlmodrio/modules/rules_pkg/0.7.0/MODULE.bazel": "df99f03fc7934a4737122518bb87e667e62d780b610910f0447665a7e2be62dc",
    "https://raw.githubusercontent.com/pjreiniger/bazel-central-registry/bzlmodrio/modules/rules_pkg/0.7.0/source.json": "c2557066e0c0342223ba592510ad3d812d4963b9024831f7f66fd0584dd8c66c",
    "https://raw.githubusercontent.com/pjreiniger/bazel-central-registry/bzlmodrio/modules/rules_proto/4.0.0/MODULE.bazel": "a7a7b6ce9bee418c1a760b3d84f83a299ad6952f9903c67f19e4edd964894e06",
    "https://raw.githubusercontent.com/pjreiniger/bazel-central-registry/bzlmodrio/modules/rules_proto/5.3.0-21.7/MODULE.bazel": "e8dff86b0971688790ae75528fe1813f71809b5afd57facb44dad9e8eca631b7",
    "https://raw.githubusercontent.com/pjreiniger/bazel-central-registry/bzlmodrio/modules/rules_proto/5.3.0-21.7/source.json": "d57902c052424dfda0e71646cb12668d39c4620ee0544294d9d941e7d12bc3a9",
    "https://raw.githubusercontent.com/pjreiniger/bazel-central-registry/bzlmodrio/modules/rules_python/0.10.2/MODULE.bazel": "cc82bc96f2997baa545ab3ce73f196d040ffb8756fd2d66125a530031cd90e5f",
    "https://raw.githubusercontent.com/pjreiniger/bazel-central-registry/bzlmodrio/modules/rules_python/0.22.1/MODULE.bazel": "26114f0c0b5e93018c0c066d6673f1a2c3737c7e90af95eff30cfee38d0bbac7",
    "https://raw.githubusercontent.com/pjreiniger/bazel-central-registry/bzlmodrio/modules/rules_python/0.22.1/source.json": "57226905e783bae7c37c2dd662be078728e48fa28ee4324a7eabcafb5a43d014",
    "https://raw.githubusercontent.com/pjreiniger/bazel-central-registry/bzlmodrio/modules/rules_python/0.4.0/MODULE.bazel": "9208ee05fd48bf09ac60ed269791cf17fb343db56c8226a720fbb1cdf467166c",
    "https://raw.githubusercontent.com/pjreiniger/bazel-central-registry/bzlmodrio/modules/stardoc/0.5.1/MODULE.bazel": "1a05d92974d0c122f5ccf09291442580317cdd859f07a8655f1db9a60374f9f8",
    "https://raw.githubusercontent.com/pjreiniger/bazel-central-registry/bzlmodrio/modules/stardoc/0.5.1/source.json": "a96f95e02123320aa015b956f29c00cb818fa891ef823d55148e1a362caacf29",
    "https://raw.githubusercontent.com/pjreiniger/bazel-central-registry/bzlmodrio/modules/upb/0.0.0-20220923-a547704/MODULE.bazel": "7298990c00040a0e2f121f6c32544bab27d4452f80d9ce51349b1a28f3005c43",
    "https://raw.githubusercontent.com/pjreiniger/bazel-central-registry/bzlmodrio/modules/upb/0.0.0-20220923-a547704/source.json": "f1ef7d3f9e0e26d4b23d1c39b5f5de71f584dd7d1b4ef83d9bbba6ec7a6a6459",
    "https://raw.githubusercontent.com/pjreiniger/bazel-central-registry/bzlmodrio/modules/zlib/1.2.11/MODULE.bazel": "07b389abc85fdbca459b69e2ec656ae5622873af3f845e1c9d80fe179f3effa0",
    "https://raw.githubusercontent.com/pjreiniger/bazel-central-registry/bzlmodrio/modules/zlib/1.2.12/MODULE.bazel": "3b1a8834ada2a883674be8cbd36ede1b6ec481477ada359cd2d3ddc562340b27",
    "https://raw.githubusercontent.com/pjreiniger/bazel-central-registry/bzlmodrio/modules/zlib/1.3.1.bcr.3/MODULE.bazel": "af322bc08976524477c79d1e45e241b6efbeb918c497e8840b8ab116802dda79",
    "https://raw.githubusercontent.com/pjreiniger/bazel-central-registry/bzlmodrio/modules/zlib/1.3.1.bcr.3/source.json": "2be409ac3c7601245958cd4fcdff4288be79ed23bd690b4b951f500d54ee6e7d"
  },
  "selectedYankedVersions": {},
  "moduleExtensions": {
    "@@apple_support~//crosstool:setup.bzl%apple_cc_configure_extension": {
      "general": {
        "bzlTransitiveDigest": "PjIds3feoYE8SGbbIq2SFTZy3zmxeO2tQevJZNDo7iY=",
        "usagesDigest": "aLmqbvowmHkkBPve05yyDNGN7oh7QE9kBADr3QIZTZs=",
        "recordedFileInputs": {},
        "recordedDirentsInputs": {},
        "envVariables": {},
        "generatedRepoSpecs": {
          "local_config_apple_cc": {
            "bzlFile": "@@apple_support~//crosstool:setup.bzl",
            "ruleClassName": "_apple_cc_autoconf",
            "attributes": {}
          },
          "local_config_apple_cc_toolchains": {
            "bzlFile": "@@apple_support~//crosstool:setup.bzl",
            "ruleClassName": "_apple_cc_autoconf_toolchains",
            "attributes": {}
          }
        },
        "recordedRepoMappingEntries": [
          [
            "apple_support~",
            "bazel_tools",
            "bazel_tools"
          ]
        ]
      }
    },
    "@@platforms//host:extension.bzl%host_platform": {
      "general": {
        "bzlTransitiveDigest": "xelQcPZH8+tmuOHVjL9vDxMnnQNMlwj0SlvgoqBkm4U=",
        "usagesDigest": "meSzxn3DUCcYEhq4HQwExWkWtU4EjriRBQLsZN+Q0SU=",
        "recordedFileInputs": {},
        "recordedDirentsInputs": {},
        "envVariables": {},
        "generatedRepoSpecs": {
          "host_platform": {
            "bzlFile": "@@platforms//host:extension.bzl",
            "ruleClassName": "host_platform_repo",
            "attributes": {}
          }
        },
        "recordedRepoMappingEntries": []
      }
    },
    "@@rules_bzlmodrio_toolchains~//:extensions.bzl%sh_configure": {
      "general": {
        "bzlTransitiveDigest": "y3VhQ/OweSckH7QhXVVFH8vrtha8h3Qq+zN/iics/uk=",
        "usagesDigest": "ZuybEXe3p64B/EeVUmrfjvXGd60Ad75CUCRBRLEbeLs=",
        "recordedFileInputs": {},
        "recordedDirentsInputs": {},
        "envVariables": {},
        "generatedRepoSpecs": {
          "local_bullseye_64": {
            "bzlFile": "@@rules_bzlmodrio_toolchains~//toolchains:configure_cross_compiler.bzl",
            "ruleClassName": "configure_cross_compiler",
            "attributes": {
              "compiler": "bullseye-64",
              "bin_subfolder": "bullseye/bin",
              "bin_prefix": "aarch64-bullseye-linux-gnu-",
              "sysroot_subfolder": "bullseye/aarch64-linux-gnu/sysroot",
              "cxx_version": "10",
              "sysroot_include_folder": "aarch64-linux-gnu",
              "repo_shortname": "bullseye_64"
            }
          },
          "local_roborio": {
            "bzlFile": "@@rules_bzlmodrio_toolchains~//toolchains:configure_cross_compiler.bzl",
            "ruleClassName": "configure_cross_compiler",
            "attributes": {
              "compiler": "roborio",
              "bin_subfolder": "roborio-academic/bin",
              "bin_prefix": "arm-frc2025-linux-gnueabi-",
              "sysroot_subfolder": "roborio-academic/arm-nilrt-linux-gnueabi/sysroot",
              "cxx_version": "12",
              "sysroot_include_folder": "arm-nilrt-linux-gnueabi",
              "repo_shortname": "roborio"
            }
          },
          "local_bullseye_32": {
            "bzlFile": "@@rules_bzlmodrio_toolchains~//toolchains:configure_cross_compiler.bzl",
            "ruleClassName": "configure_cross_compiler",
            "attributes": {
              "compiler": "bullseye-32",
              "bin_subfolder": "bullseye/bin",
              "bin_prefix": "armv7-bullseye-linux-gnueabihf-",
              "sysroot_subfolder": "bullseye/arm-linux-gnueabihf/sysroot",
              "cxx_version": "10",
              "sysroot_include_folder": "arm-linux-gnueabihf",
              "repo_shortname": "bullseye_32"
            }
          },
          "local_raspi_bookworm_32": {
            "bzlFile": "@@rules_bzlmodrio_toolchains~//toolchains:configure_cross_compiler.bzl",
            "ruleClassName": "configure_cross_compiler",
            "attributes": {
              "compiler": "raspi-bookworm-32",
              "bin_subfolder": "raspi-bookworm/bin",
              "bin_prefix": "armv6-bookworm-linux-gnueabihf-",
              "sysroot_subfolder": "raspi-bookworm/arm-linux-gnueabihf/sysroot",
              "cxx_version": "12",
              "sysroot_include_folder": "arm-linux-gnueabihf",
              "repo_shortname": "raspi_bookworm_32"
            }
          },
          "local_bookworm_32": {
            "bzlFile": "@@rules_bzlmodrio_toolchains~//toolchains:configure_cross_compiler.bzl",
            "ruleClassName": "configure_cross_compiler",
            "attributes": {
              "compiler": "bookworm-32",
              "bin_subfolder": "bookworm/bin",
              "bin_prefix": "armv7-bookworm-linux-gnueabihf-",
              "sysroot_subfolder": "bookworm/arm-linux-gnueabihf/sysroot",
              "cxx_version": "12",
              "sysroot_include_folder": "arm-linux-gnueabihf",
              "repo_shortname": "bookworm_32"
            }
          },
          "local_bookworm_64": {
            "bzlFile": "@@rules_bzlmodrio_toolchains~//toolchains:configure_cross_compiler.bzl",
            "ruleClassName": "configure_cross_compiler",
            "attributes": {
              "compiler": "bookworm-64",
              "bin_subfolder": "bookworm/bin",
              "bin_prefix": "aarch64-bookworm-linux-gnu-",
              "sysroot_subfolder": "bookworm/aarch64-linux-gnu/sysroot",
              "cxx_version": "12",
              "sysroot_include_folder": "aarch64-linux-gnu",
              "repo_shortname": "bookworm_64"
            }
          },
          "local_raspi_bullseye_32": {
            "bzlFile": "@@rules_bzlmodrio_toolchains~//toolchains:configure_cross_compiler.bzl",
            "ruleClassName": "configure_cross_compiler",
            "attributes": {
              "compiler": "raspi-bullseye-32",
              "bin_subfolder": "raspi-bullseye/bin",
              "bin_prefix": "armv6-bullseye-linux-gnueabihf-",
              "sysroot_subfolder": "raspi-bullseye/arm-linux-gnueabihf/sysroot",
              "cxx_version": "10",
              "sysroot_include_folder": "arm-linux-gnueabihf",
              "repo_shortname": "raspi_bullseye_32"
            }
          }
        },
        "recordedRepoMappingEntries": []
      }
    },
    "@@rules_bzlmodrio_toolchains~//:maven_deps.bzl%deps": {
      "general": {
        "bzlTransitiveDigest": "GM0I8AartRlE8RSwTMG7A4F3pL0nggDUq3Cw0mJCCyo=",
        "usagesDigest": "URGXGPy9UNtjhZToCcyGfIWzms2OFDbp32AF6EYcOYE=",
        "recordedFileInputs": {},
        "recordedDirentsInputs": {},
        "envVariables": {},
        "generatedRepoSpecs": {
          "bazelrio_bookworm_32_toolchain_linux": {
            "bzlFile": "@@bazel_tools//tools/build_defs/repo:http.bzl",
            "ruleClassName": "http_archive",
            "attributes": {
              "url": "https://github.com/wpilibsuite/opensdk/releases/download/v2025-1/armhf-bookworm-2025-x86_64-linux-gnu-Toolchain-12.2.0.tgz",
              "sha256": "3a0d0b350c359c8a46ce58e654ba4d5e97177833f0181792151401fe110aac32",
              "build_file_content": "filegroup(\n    name = \"all\",\n    srcs = glob([\"**\"]),\n    visibility = [\"//visibility:public\"],\n)\n"
            }
          },
          "bazelrio_raspi_bookworm_32_toolchain_macos": {
            "bzlFile": "@@bazel_tools//tools/build_defs/repo:http.bzl",
            "ruleClassName": "http_archive",
            "attributes": {
              "url": "https://github.com/wpilibsuite/opensdk/releases/download/v2025-1/armhf-raspi-bookworm-2025-x86_64-apple-darwin-Toolchain-12.2.0.tgz",
              "sha256": "9e0db21b655956fea0e9169a9d7daf86ccde1c78bdf42d633305ab8efb944c23",
              "build_file_content": "filegroup(\n    name = \"all\",\n    srcs = glob([\"**\"]),\n    visibility = [\"//visibility:public\"],\n)\n"
            }
          },
          "bazelrio_bullseye_32_toolchain_linux": {
            "bzlFile": "@@bazel_tools//tools/build_defs/repo:http.bzl",
            "ruleClassName": "http_archive",
            "attributes": {
              "url": "https://github.com/wpilibsuite/opensdk/releases/download/v2025-1/armhf-bullseye-2025-x86_64-linux-gnu-Toolchain-10.2.0.tgz",
              "sha256": "1cfedd017bab157881f5f81b785152033269e02d4fe72e0c36957263d145041b",
              "build_file_content": "filegroup(\n    name = \"all\",\n    srcs = glob([\"**\"]),\n    visibility = [\"//visibility:public\"],\n)\n"
            }
          },
          "bazelrio_roborio_toolchain_linux": {
            "bzlFile": "@@bazel_tools//tools/build_defs/repo:http.bzl",
            "ruleClassName": "http_archive",
            "attributes": {
              "url": "https://github.com/wpilibsuite/opensdk/releases/download/v2025-1/cortexa9_vfpv3-roborio-academic-2025-x86_64-linux-gnu-Toolchain-12.1.0.tgz",
              "sha256": "0ed7c454eab947166c41177f72f795a408f4b7c5fc0f7fd6ee35dba1871fbfac",
              "build_file_content": "filegroup(\n    name = \"all\",\n    srcs = glob([\"**\"]),\n    visibility = [\"//visibility:public\"],\n)\n"
            }
          },
          "bazelrio_bullseye_64_toolchain_macosarm": {
            "bzlFile": "@@bazel_tools//tools/build_defs/repo:http.bzl",
            "ruleClassName": "http_archive",
            "attributes": {
              "url": "https://github.com/wpilibsuite/opensdk/releases/download/v2025-1/arm64-bullseye-2025-arm64-apple-darwin-Toolchain-10.2.0.tgz",
              "sha256": "0f67594b4ea984b6296e838e0f1e8e6efde58916f98b4a650a8b3c391ce18e04",
              "build_file_content": "filegroup(\n    name = \"all\",\n    srcs = glob([\"**\"]),\n    visibility = [\"//visibility:public\"],\n)\n"
            }
          },
          "bazelrio_roborio_toolchain_macosarm": {
            "bzlFile": "@@bazel_tools//tools/build_defs/repo:http.bzl",
            "ruleClassName": "http_archive",
            "attributes": {
              "url": "https://github.com/wpilibsuite/opensdk/releases/download/v2025-1/cortexa9_vfpv3-roborio-academic-2025-arm64-apple-darwin-Toolchain-12.1.0.tgz",
              "sha256": "2fb949bf683ac2ecf3874767369c9f6a013941cd9e702f08bd5e4a248e9b82dd",
              "build_file_content": "filegroup(\n    name = \"all\",\n    srcs = glob([\"**\"]),\n    visibility = [\"//visibility:public\"],\n)\n"
            }
          },
          "bazelrio_bullseye_32_toolchain_macos": {
            "bzlFile": "@@bazel_tools//tools/build_defs/repo:http.bzl",
            "ruleClassName": "http_archive",
            "attributes": {
              "url": "https://github.com/wpilibsuite/opensdk/releases/download/v2025-1/armhf-bullseye-2025-x86_64-apple-darwin-Toolchain-10.2.0.tgz",
              "sha256": "d46d8191b8ad04494439bf4d14dc599d8531552e56f25dcd7949dc9cf7b0d512",
              "build_file_content": "filegroup(\n    name = \"all\",\n    srcs = glob([\"**\"]),\n    visibility = [\"//visibility:public\"],\n)\n"
            }
          },
          "bazelrio_bookworm_32_toolchain_windows": {
            "bzlFile": "@@bazel_tools//tools/build_defs/repo:http.bzl",
            "ruleClassName": "http_archive",
            "attributes": {
              "url": "https://github.com/wpilibsuite/opensdk/releases/download/v2025-1/armhf-bookworm-2025-x86_64-w64-mingw32-Toolchain-12.2.0.zip",
              "sha256": "d0af53f4191d09c36ba189d9e20d9524dc164847c8c39e4f5ca961fe8d5eb056",
              "build_file_content": "filegroup(\n    name = \"all\",\n    srcs = glob([\"**\"]),\n    visibility = [\"//visibility:public\"],\n)\n"
            }
          },
          "bazelrio_raspi_bookworm_32_toolchain_macosarm": {
            "bzlFile": "@@bazel_tools//tools/build_defs/repo:http.bzl",
            "ruleClassName": "http_archive",
            "attributes": {
              "url": "https://github.com/wpilibsuite/opensdk/releases/download/v2025-1/armhf-raspi-bookworm-2025-arm64-apple-darwin-Toolchain-12.2.0.tgz",
              "sha256": "ec754b7d64d3e989dd6dd7a91abab7b4ca9abc5c75f252ab37ffc585ac39a287",
              "build_file_content": "filegroup(\n    name = \"all\",\n    srcs = glob([\"**\"]),\n    visibility = [\"//visibility:public\"],\n)\n"
            }
          },
          "bazelrio_bookworm_64_toolchain_linux": {
            "bzlFile": "@@bazel_tools//tools/build_defs/repo:http.bzl",
            "ruleClassName": "http_archive",
            "attributes": {
              "url": "https://github.com/wpilibsuite/opensdk/releases/download/v2025-1/arm64-bookworm-2025-x86_64-linux-gnu-Toolchain-12.2.0.tgz",
              "sha256": "d94005ae516bb43fc85a07ed89cb51bec96ed931ca5c084427f1432a1dbf71e9",
              "build_file_content": "filegroup(\n    name = \"all\",\n    srcs = glob([\"**\"]),\n    visibility = [\"//visibility:public\"],\n)\n"
            }
          },
          "bazelrio_raspi_bookworm_32_toolchain_linux": {
            "bzlFile": "@@bazel_tools//tools/build_defs/repo:http.bzl",
            "ruleClassName": "http_archive",
            "attributes": {
              "url": "https://github.com/wpilibsuite/opensdk/releases/download/v2025-1/armhf-raspi-bookworm-2025-x86_64-linux-gnu-Toolchain-12.2.0.tgz",
              "sha256": "e3cf3a726268aafa55d79af588a1d02392c073a033b8c3b2a0c6ccd99e18a184",
              "build_file_content": "filegroup(\n    name = \"all\",\n    srcs = glob([\"**\"]),\n    visibility = [\"//visibility:public\"],\n)\n"
            }
          },
          "bazelrio_roborio_toolchain_macos": {
            "bzlFile": "@@bazel_tools//tools/build_defs/repo:http.bzl",
            "ruleClassName": "http_archive",
            "attributes": {
              "url": "https://github.com/wpilibsuite/opensdk/releases/download/v2025-1/cortexa9_vfpv3-roborio-academic-2025-x86_64-apple-darwin-Toolchain-12.1.0.tgz",
              "sha256": "5d7021faa2745227adf04ad31f90c64f2b89527dac4283f5a28c0d5c8a227816",
              "build_file_content": "filegroup(\n    name = \"all\",\n    srcs = glob([\"**\"]),\n    visibility = [\"//visibility:public\"],\n)\n"
            }
          },
          "bazelrio_roborio_toolchain_windows": {
            "bzlFile": "@@bazel_tools//tools/build_defs/repo:http.bzl",
            "ruleClassName": "http_archive",
            "attributes": {
              "url": "https://github.com/wpilibsuite/opensdk/releases/download/v2025-1/cortexa9_vfpv3-roborio-academic-2025-x86_64-w64-mingw32-Toolchain-12.1.0.zip",
              "sha256": "1395ae04cf5c617683ff8eb473c949740a6bb57c9405668f179c7206ab6ba3f8",
              "build_file_content": "filegroup(\n    name = \"all\",\n    srcs = glob([\"**\"]),\n    visibility = [\"//visibility:public\"],\n)\n"
            }
          },
          "bazelrio_bookworm_64_toolchain_macos": {
            "bzlFile": "@@bazel_tools//tools/build_defs/repo:http.bzl",
            "ruleClassName": "http_archive",
            "attributes": {
              "url": "https://github.com/wpilibsuite/opensdk/releases/download/v2025-1/arm64-bookworm-2025-x86_64-apple-darwin-Toolchain-12.2.0.tgz",
              "sha256": "34af7c9b601bbce1fe5c5e07f70fe8abd7ed3985cc603dbc12ef7f3d8c2f0b9d",
              "build_file_content": "filegroup(\n    name = \"all\",\n    srcs = glob([\"**\"]),\n    visibility = [\"//visibility:public\"],\n)\n"
            }
          },
          "bazelrio_raspi_bookworm_32_toolchain_windows": {
            "bzlFile": "@@bazel_tools//tools/build_defs/repo:http.bzl",
            "ruleClassName": "http_archive",
            "attributes": {
              "url": "https://github.com/wpilibsuite/opensdk/releases/download/v2025-1/armhf-raspi-bookworm-2025-x86_64-w64-mingw32-Toolchain-12.2.0.zip",
              "sha256": "dead6a0066885c51b64871d8cd8116919a0cf4040960af1bce0e26290ee4f034",
              "build_file_content": "filegroup(\n    name = \"all\",\n    srcs = glob([\"**\"]),\n    visibility = [\"//visibility:public\"],\n)\n"
            }
          },
          "bazelrio_bullseye_32_toolchain_macosarm": {
            "bzlFile": "@@bazel_tools//tools/build_defs/repo:http.bzl",
            "ruleClassName": "http_archive",
            "attributes": {
              "url": "https://github.com/wpilibsuite/opensdk/releases/download/v2025-1/armhf-bullseye-2025-arm64-apple-darwin-Toolchain-10.2.0.tgz",
              "sha256": "abf3216fd08968bf3bef67c3cbad720c9dc1385672197a2b2d5f2009a7fd995e",
              "build_file_content": "filegroup(\n    name = \"all\",\n    srcs = glob([\"**\"]),\n    visibility = [\"//visibility:public\"],\n)\n"
            }
          },
          "bazelrio_bullseye_64_toolchain_windows": {
            "bzlFile": "@@bazel_tools//tools/build_defs/repo:http.bzl",
            "ruleClassName": "http_archive",
            "attributes": {
              "url": "https://github.com/wpilibsuite/opensdk/releases/download/v2025-1/arm64-bullseye-2025-x86_64-w64-mingw32-Toolchain-10.2.0.zip",
              "sha256": "d978c2baa757571b3cb413844f3fa26b779259a4f8a680fb2fb872a13c8618b3",
              "build_file_content": "filegroup(\n    name = \"all\",\n    srcs = glob([\"**\"]),\n    visibility = [\"//visibility:public\"],\n)\n"
            }
          },
          "bazelrio_bullseye_64_toolchain_linux": {
            "bzlFile": "@@bazel_tools//tools/build_defs/repo:http.bzl",
            "ruleClassName": "http_archive",
            "attributes": {
              "url": "https://github.com/wpilibsuite/opensdk/releases/download/v2025-1/arm64-bullseye-2025-x86_64-linux-gnu-Toolchain-10.2.0.tgz",
              "sha256": "df3b1fa4ca83d61e853fa32620ede3f2402dc3b6088653c1ae85714cd5c566ed",
              "build_file_content": "filegroup(\n    name = \"all\",\n    srcs = glob([\"**\"]),\n    visibility = [\"//visibility:public\"],\n)\n"
            }
          },
          "bazelrio_raspi_bullseye_32_toolchain_linux": {
            "bzlFile": "@@bazel_tools//tools/build_defs/repo:http.bzl",
            "ruleClassName": "http_archive",
            "attributes": {
              "url": "https://github.com/wpilibsuite/opensdk/releases/download/v2025-1/armhf-raspi-bullseye-2025-x86_64-linux-gnu-Toolchain-10.2.0.tgz",
              "sha256": "b53465a8d36de937a0f88299f8ab3a97db5af3cdf4f7e52473bf294c5c1da3f6",
              "build_file_content": "filegroup(\n    name = \"all\",\n    srcs = glob([\"**\"]),\n    visibility = [\"//visibility:public\"],\n)\n"
            }
          },
          "bazelrio_bookworm_32_toolchain_macos": {
            "bzlFile": "@@bazel_tools//tools/build_defs/repo:http.bzl",
            "ruleClassName": "http_archive",
            "attributes": {
              "url": "https://github.com/wpilibsuite/opensdk/releases/download/v2025-1/armhf-bookworm-2025-x86_64-apple-darwin-Toolchain-12.2.0.tgz",
              "sha256": "633fccbe1508478b095a03a05477795825971cdac0860bf3a0f79f5be2f73a5a",
              "build_file_content": "filegroup(\n    name = \"all\",\n    srcs = glob([\"**\"]),\n    visibility = [\"//visibility:public\"],\n)\n"
            }
          },
          "bazelrio_bullseye_32_toolchain_windows": {
            "bzlFile": "@@bazel_tools//tools/build_defs/repo:http.bzl",
            "ruleClassName": "http_archive",
            "attributes": {
              "url": "https://github.com/wpilibsuite/opensdk/releases/download/v2025-1/armhf-bullseye-2025-x86_64-w64-mingw32-Toolchain-10.2.0.zip",
              "sha256": "6d2d6684ffc8791d2a261fb8ed8b92d8c00408f0b24dcd5557ed3aebdd096c15",
              "build_file_content": "filegroup(\n    name = \"all\",\n    srcs = glob([\"**\"]),\n    visibility = [\"//visibility:public\"],\n)\n"
            }
          },
          "bazelrio_raspi_bullseye_32_toolchain_macosarm": {
            "bzlFile": "@@bazel_tools//tools/build_defs/repo:http.bzl",
            "ruleClassName": "http_archive",
            "attributes": {
              "url": "https://github.com/wpilibsuite/opensdk/releases/download/v2025-1/armhf-raspi-bullseye-2025-arm64-apple-darwin-Toolchain-10.2.0.tgz",
              "sha256": "3f30b54ef98aba939058680ba7906b59da758552ee183595dc006613744e0038",
              "build_file_content": "filegroup(\n    name = \"all\",\n    srcs = glob([\"**\"]),\n    visibility = [\"//visibility:public\"],\n)\n"
            }
          },
          "bazelrio_bookworm_32_toolchain_macosarm": {
            "bzlFile": "@@bazel_tools//tools/build_defs/repo:http.bzl",
            "ruleClassName": "http_archive",
            "attributes": {
              "url": "https://github.com/wpilibsuite/opensdk/releases/download/v2025-1/armhf-bookworm-2025-arm64-apple-darwin-Toolchain-12.2.0.tgz",
              "sha256": "dddddbd08ca3771581f9a77311191d60371b0e5dc4ba166450198f3a59c43d13",
              "build_file_content": "filegroup(\n    name = \"all\",\n    srcs = glob([\"**\"]),\n    visibility = [\"//visibility:public\"],\n)\n"
            }
          },
          "bazelrio_raspi_bullseye_32_toolchain_windows": {
            "bzlFile": "@@bazel_tools//tools/build_defs/repo:http.bzl",
            "ruleClassName": "http_archive",
            "attributes": {
              "url": "https://github.com/wpilibsuite/opensdk/releases/download/v2025-1/armhf-raspi-bullseye-2025-x86_64-w64-mingw32-Toolchain-10.2.0.zip",
              "sha256": "4a891d7a5de1fc3cd03f60b4340f586ad2750fef8baab35c408e23fa539a0213",
              "build_file_content": "filegroup(\n    name = \"all\",\n    srcs = glob([\"**\"]),\n    visibility = [\"//visibility:public\"],\n)\n"
            }
          },
          "bazelrio_bookworm_64_toolchain_windows": {
            "bzlFile": "@@bazel_tools//tools/build_defs/repo:http.bzl",
            "ruleClassName": "http_archive",
            "attributes": {
              "url": "https://github.com/wpilibsuite/opensdk/releases/download/v2025-1/arm64-bookworm-2025-x86_64-w64-mingw32-Toolchain-12.2.0.zip",
              "sha256": "50f26a9b0ae595bd536f5b7003a465b04871005cbe57c18e84f657e83df13f4c",
              "build_file_content": "filegroup(\n    name = \"all\",\n    srcs = glob([\"**\"]),\n    visibility = [\"//visibility:public\"],\n)\n"
            }
          },
          "bazelrio_bookworm_64_toolchain_macosarm": {
            "bzlFile": "@@bazel_tools//tools/build_defs/repo:http.bzl",
            "ruleClassName": "http_archive",
            "attributes": {
              "url": "https://github.com/wpilibsuite/opensdk/releases/download/v2025-1/arm64-bookworm-2025-arm64-apple-darwin-Toolchain-12.2.0.tgz",
              "sha256": "e29fa2433cee667d75ff106543d88d3d4154e2f450c79d86d316d5b8015d11e4",
              "build_file_content": "filegroup(\n    name = \"all\",\n    srcs = glob([\"**\"]),\n    visibility = [\"//visibility:public\"],\n)\n"
            }
          },
          "bazelrio_bullseye_64_toolchain_macos": {
            "bzlFile": "@@bazel_tools//tools/build_defs/repo:http.bzl",
            "ruleClassName": "http_archive",
            "attributes": {
              "url": "https://github.com/wpilibsuite/opensdk/releases/download/v2025-1/arm64-bullseye-2025-x86_64-apple-darwin-Toolchain-10.2.0.tgz",
              "sha256": "d0b581e3962b4d23d720ff982e2df05ba516329b135a6b09e5bf292b114aac2b",
              "build_file_content": "filegroup(\n    name = \"all\",\n    srcs = glob([\"**\"]),\n    visibility = [\"//visibility:public\"],\n)\n"
            }
          },
          "bazelrio_raspi_bullseye_32_toolchain_macos": {
            "bzlFile": "@@bazel_tools//tools/build_defs/repo:http.bzl",
            "ruleClassName": "http_archive",
            "attributes": {
              "url": "https://github.com/wpilibsuite/opensdk/releases/download/v2025-1/armhf-raspi-bullseye-2025-x86_64-apple-darwin-Toolchain-10.2.0.tgz",
              "sha256": "e205a4824a0d6704e968184e52525c5fa200b3e2278177a80d970b2077896f74",
              "build_file_content": "filegroup(\n    name = \"all\",\n    srcs = glob([\"**\"]),\n    visibility = [\"//visibility:public\"],\n)\n"
            }
          }
        },
        "recordedRepoMappingEntries": [
          [
            "rules_bzlmodrio_toolchains~",
            "bazel_tools",
            "bazel_tools"
          ]
        ]
      }
    }
  }
}
